
Microsoft Visual Studio Solution File, Format Version 12.00
Project("{FAE04EC0-301F-11D3-BF4B-00C04F79EFBC}") = "SecondHandMarket", "SecondHandMarket.csproj", "{29F536C4-AA0C-4E0B-93AD-9DCA908BFADD}"
EndProject
Global
	GlobalSection(SolutionConfigurationPlatforms) = preSolution
		Debug|Any CPU = Debug|Any CPU
		Release|Any CPU = Release|Any CPU
	EndGlobalSection
	GlobalSection(ProjectConfigurationPlatforms) = postSolution
		{29F536C4-AA0C-4E0B-93AD-9DCA908BFADD}.Debug|Any CPU.ActiveCfg = Debug|Any CPU
		{29F536C4-AA0C-4E0B-93AD-9DCA908BFADD}.Debug|Any CPU.Build.0 = Debug|Any CPU
		{29F536C4-AA0C-4E0B-93AD-9DCA908BFADD}.Release|Any CPU.ActiveCfg = Release|Any CPU
		{29F536C4-AA0C-4E0B-93AD-9DCA908BFADD}.Release|Any CPU.Build.0 = Release|Any CPU
	EndGlobalSection
EndGlobal
